
Microsoft Visual Studio Solution File, Format Version 12.00
# Visual Studio Version 16
VisualStudioVersion = 16.0.31729.503
MinimumVisualStudioVersion = 10.0.40219.1
Project("{FAE04EC0-301F-11D3-BF4B-00C04F79EFBC}") = "SAPB1-CICD", "SAPB1-CICD\SAPB1-CICD.csproj", "{79970330-0FA3-4C35-BCE5-5B5E6D573048}"
EndProject
Global
	GlobalSection(SolutionConfigurationPlatforms) = preSolution
		Debug|Any CPU = Debug|Any CPU
		Release|Any CPU = Release|Any CPU
	EndGlobalSection
	GlobalSection(ProjectConfigurationPlatforms) = postSolution
		{79970330-0FA3-4C35-BCE5-5B5E6D573048}.Debug|Any CPU.ActiveCfg = Debug|Any CPU
		{79970330-0FA3-4C35-BCE5-5B5E6D573048}.Debug|Any CPU.Build.0 = Debug|Any CPU
		{79970330-0FA3-4C35-BCE5-5B5E6D573048}.Release|Any CPU.ActiveCfg = Release|Any CPU
		{79970330-0FA3-4C35-BCE5-5B5E6D573048}.Release|Any CPU.Build.0 = Release|Any CPU
	EndGlobalSection
	GlobalSection(SolutionProperties) = preSolution
		HideSolutionNode = FALSE
	EndGlobalSection
	GlobalSection(ExtensibilityGlobals) = postSolution
		SolutionGuid = {CE852AA1-7501-4FD6-B5CE-47DAFE96F871}
	EndGlobalSection
EndGlobal
